{
  "name": "@isomorphic-git/server",
  "version": "0.0.0",
  "lockfileVersion": 1,
  "requires": true,
  "dependencies": {
    "@isomorphic-git/pgp-plugin": {
      "version": "0.0.7",
      "resolved": "https://registry.npmjs.org/@isomorphic-git/pgp-plugin/-/pgp-plugin-0.0.7.tgz",
      "integrity": "sha512-6adXezgOeXFn5CHYlxAtmq7OoDjLPWxyxL7FXtM6ROdLOT/WScU1asPXG0dhGmKJNR4u23WF5pIbNHJtqKLZ/Q==",
      "requires": {
        "@isomorphic-pgp/sign-and-verify": "^0.0.10",
        "@isomorphic-pgp/util": "^0.0.6"
      }
    },
    "@isomorphic-pgp/parser": {
      "version": "0.0.3",
      "resolved": "https://registry.npmjs.org/@isomorphic-pgp/parser/-/parser-0.0.3.tgz",
      "integrity": "sha512-d1lu99aTI0VpHIQDeY+jNPbvT2TpkAaU0CC/udcWXwfyphH+qYXNo/4NgCO/084Zlbjoz23z8ZbrpMM9KrkwLw==",
      "requires": {
        "array-buffer-to-hex": "^1.0.0",
        "base64-js": "^1.3.0",
        "bn.js": "^4.11.8",
        "clz-buffer": "^1.0.0",
        "concat-buffers": "^1.0.0",
        "crc": "^3.8.0",
        "isomorphic-textencoder": "^1.0.1",
        "select-case": "^1.0.0"
      }
    },
    "@isomorphic-pgp/sign-and-verify": {
      "version": "0.0.10",
      "resolved": "https://registry.npmjs.org/@isomorphic-pgp/sign-and-verify/-/sign-and-verify-0.0.10.tgz",
      "integrity": "sha512-YGta8FP2UXUcek1T5TY1taO1+TSIEu5Tk3+d5c/SmACIm3AJX4K1ncn4XuCXy+ECS8WyVj0sSzr6vxYEyZ6HiA==",
      "requires": {
        "@isomorphic-pgp/parser": "^0.0.3",
        "@isomorphic-pgp/util": "^0.0.6",
        "@wmhilton/crypto-hash": "^1.0.2",
        "array-buffer-to-hex": "^1.0.0",
        "isomorphic-textencoder": "^1.0.1",
        "jsbn": "^1.1.0",
        "sha.js": "^2.4.11"
      }
    },
    "@isomorphic-pgp/util": {
      "version": "0.0.6",
      "resolved": "https://registry.npmjs.org/@isomorphic-pgp/util/-/util-0.0.6.tgz",
      "integrity": "sha512-6J60flPSPJpsuGiVZ29F5oJ8ma7v44ya9FwpjjEJUV4mTYuMujXFuKlAX1VNnNmi2DaerE8XRB5ocJi15Fe5Dg==",
      "requires": {
        "@isomorphic-pgp/parser": "^0.0.3",
        "array-buffer-to-hex": "^1.0.0",
        "concat-buffers": "^1.0.0",
        "sha.js": "^2.4.11"
      }
    },
    "@wmhilton/crypto-hash": {
      "version": "1.0.2",
      "resolved": "https://registry.npmjs.org/@wmhilton/crypto-hash/-/crypto-hash-1.0.2.tgz",
      "integrity": "sha512-3lopwJLEfPXLA3f1Ovvtfq+uWQTLWs+rZN/KJkOniFhGhz/36ST1rpnouh1hkVQGw+qistFPpwwK17a1e0hBCg=="
    },
    "ansi-styles": {
      "version": "3.2.1",
      "resolved": "https://registry.npmjs.org/ansi-styles/-/ansi-styles-3.2.1.tgz",
      "integrity": "sha512-VT0ZI6kZRdTh8YyJw3SMbYm/u+NqfsAxEpWO0Pf9sq8/e94WxxOpPKx9FR1FlyCtOVDNOQ+8ntlqFxiRc+r5qA==",
      "requires": {
        "color-convert": "^1.9.0"
      }
    },
    "array-buffer-to-hex": {
      "version": "1.0.0",
      "resolved": "https://registry.npmjs.org/array-buffer-to-hex/-/array-buffer-to-hex-1.0.0.tgz",
      "integrity": "sha512-arycdkxgK1cj6s03GDb96tlCxOl1n3kg9M2OHseUc6Pqyqp+lgfceFPmG507eI5V+oxOSEnlOw/dFc7LXBXF4Q=="
    },
    "base64-js": {
      "version": "1.3.1",
      "resolved": "https://registry.npmjs.org/base64-js/-/base64-js-1.3.1.tgz",
      "integrity": "sha512-mLQ4i2QO1ytvGWFWmcngKO//JXAQueZvwEKtjgQFM4jIK0kU+ytMfplL8j+n5mspOfjHwoAg+9yhb7BwAHm36g=="
    },
    "basic-auth": {
      "version": "2.0.1",
      "resolved": "https://registry.npmjs.org/basic-auth/-/basic-auth-2.0.1.tgz",
      "integrity": "sha512-NF+epuEdnUYVlGuhaxbbq+dvJttwLnGY+YixlXlME5KpQ5W3CnXA5cVTneY3SPbPDRkcjMbifrwmFYcClgOZeg==",
      "requires": {
        "safe-buffer": "5.1.2"
      }
    },
    "bn.js": {
      "version": "4.11.8",
      "resolved": "https://registry.npmjs.org/bn.js/-/bn.js-4.11.8.tgz",
      "integrity": "sha512-ItfYfPLkWHUjckQCk8xC+LwxgK8NYcXywGigJgSwOP8Y2iyWT4f2vsZnoOXTTbo+o5yXmIUJ4gn5538SO5S3gA=="
    },
    "buffer": {
      "version": "5.4.3",
      "resolved": "https://registry.npmjs.org/buffer/-/buffer-5.4.3.tgz",
      "integrity": "sha512-zvj65TkFeIt3i6aj5bIvJDzjjQQGs4o/sNoezg1F1kYap9Nu2jcUdpwzRSJTHMMzG0H7bZkn4rNQpImhuxWX2A==",
      "requires": {
        "base64-js": "^1.0.2",
        "ieee754": "^1.1.4"
      }
    },
    "buffer-equal-constant-time": {
      "version": "1.0.1",
      "resolved": "https://registry.npmjs.org/buffer-equal-constant-time/-/buffer-equal-constant-time-1.0.1.tgz",
      "integrity": "sha1-+OcRMvf/5uAaXJaXpMbz5I1cyBk="
    },
    "chalk": {
      "version": "2.4.2",
      "resolved": "https://registry.npmjs.org/chalk/-/chalk-2.4.2.tgz",
      "integrity": "sha512-Mti+f9lpJNcwF4tWV8/OrTTtF1gZi+f8FqlyAdouralcFWFQWF2+NgCHShjkCb+IFBLq9buZwE1xckQU4peSuQ==",
      "requires": {
        "ansi-styles": "^3.2.1",
        "escape-string-regexp": "^1.0.5",
        "supports-color": "^5.3.0"
      }
    },
    "clz-buffer": {
      "version": "1.0.0",
      "resolved": "https://registry.npmjs.org/clz-buffer/-/clz-buffer-1.0.0.tgz",
      "integrity": "sha512-ApZYoWy06SfeIaJG/oBecF9ZBOYkP6uz31FYJF8gtGGacqz+YgD5kZuo5XBkgqI3tmL0E/vxyZ5q0PYgXjtxWg=="
    },
    "color-convert": {
      "version": "1.9.3",
      "resolved": "https://registry.npmjs.org/color-convert/-/color-convert-1.9.3.tgz",
      "integrity": "sha512-QfAUtd+vFdAtFQcC8CCyYt1fYWxSqAiK2cSD6zDB8N3cpsEBAvRxp9zOGg6G/SHHJYAT88/az/IuDGALsNVbGg==",
      "requires": {
        "color-name": "1.1.3"
      }
    },
    "color-name": {
      "version": "1.1.3",
      "resolved": "https://registry.npmjs.org/color-name/-/color-name-1.1.3.tgz",
      "integrity": "sha1-p9BVi9icQveV3UIyj3QIMcpTvCU="
    },
    "concat-buffers": {
      "version": "1.0.0",
      "resolved": "https://registry.npmjs.org/concat-buffers/-/concat-buffers-1.0.0.tgz",
      "integrity": "sha1-YQ2y9pSyv279znXbl/PD5ALJsb4="
    },
    "crc": {
      "version": "3.8.0",
      "resolved": "https://registry.npmjs.org/crc/-/crc-3.8.0.tgz",
      "integrity": "sha512-iX3mfgcTMIq3ZKLIsVFAbv7+Mc10kxabAGQb8HvjA1o3T1PIYprbakQ65d3I+2HGHt6nSKkM9PYjgoJO2KcFBQ==",
      "requires": {
        "buffer": "^5.1.0"
      }
    },
    "daemonize-process": {
      "version": "1.0.9",
      "resolved": "https://registry.npmjs.org/daemonize-process/-/daemonize-process-1.0.9.tgz",
      "integrity": "sha512-YoB+AmcgHIBDVeyfVWSCV90FNk799zX8Uvn7RJTDCD8Y0EMNbSfIKLG961VgchJme2GHmqpXUuV8Rxe2j2L+bw=="
    },
    "decompress-response": {
      "version": "4.2.1",
      "resolved": "https://registry.npmjs.org/decompress-response/-/decompress-response-4.2.1.tgz",
      "integrity": "sha512-jOSne2qbyE+/r8G1VU+G/82LBs2Fs4LAsTiLSHOCOMZQl2OKZ6i8i4IyHemTe+/yIXOtTcRQMzPcgyhoFlqPkw==",
      "requires": {
        "mimic-response": "^2.0.0"
      }
    },
    "escape-string-regexp": {
      "version": "1.0.5",
      "resolved": "https://registry.npmjs.org/escape-string-regexp/-/escape-string-regexp-1.0.5.tgz",
      "integrity": "sha1-G2HAViGQqN/2rjuyzwIAyhMLhtQ="
    },
    "fast-text-encoding": {
      "version": "1.0.0",
      "resolved": "https://registry.npmjs.org/fast-text-encoding/-/fast-text-encoding-1.0.0.tgz",
      "integrity": "sha512-R9bHCvweUxxwkDwhjav5vxpFvdPGlVngtqmx4pIZfSUhM/Q4NiIUHB456BAf+Q1Nwu3HEZYONtu+Rya+af4jiQ=="
    },
    "figlet": {
      "version": "1.2.4",
      "resolved": "https://registry.npmjs.org/figlet/-/figlet-1.2.4.tgz",
      "integrity": "sha512-mv8YA9RruB4C5QawPaD29rEVx3N97ZTyNrE4DAfbhuo6tpcMdKnPVo8MlyT3RP5uPcg5M14bEJBq7kjFf4kAWg=="
    },
    "has-flag": {
      "version": "3.0.0",
      "resolved": "https://registry.npmjs.org/has-flag/-/has-flag-3.0.0.tgz",
      "integrity": "sha1-tdRU3CGZriJWmfNGfloH87lVuv0="
    },
    "ieee754": {
      "version": "1.1.13",
      "resolved": "https://registry.npmjs.org/ieee754/-/ieee754-1.1.13.tgz",
      "integrity": "sha512-4vf7I2LYV/HaWerSo3XmlMkp5eZ83i+/CDluXi/IGTs/O1sejBNhTtnxzmRZfvOUqj7lZjqHkeTvpgSFDlWZTg=="
    },
    "inherits": {
      "version": "2.0.4",
      "resolved": "https://registry.npmjs.org/inherits/-/inherits-2.0.4.tgz",
      "integrity": "sha512-k/vGaX4/Yla3WzyMCvTQOXYeIHvqOKtnqBduzTHpzpQZzAskKMhZ2K+EnBiSM9zGSoIFeMpXKxa4dYeZIQqewQ=="
    },
    "isomorphic-textencoder": {
      "version": "1.0.1",
      "resolved": "https://registry.npmjs.org/isomorphic-textencoder/-/isomorphic-textencoder-1.0.1.tgz",
      "integrity": "sha512-676hESgHullDdHDsj469hr+7t3i/neBKU9J7q1T4RHaWwLAsaQnywC0D1dIUId0YZ+JtVrShzuBk1soo0+GVcQ==",
      "requires": {
        "fast-text-encoding": "^1.0.0"
      }
    },
    "jsbn": {
      "version": "1.1.0",
      "resolved": "https://registry.npmjs.org/jsbn/-/jsbn-1.1.0.tgz",
      "integrity": "sha1-sBMHyym2GKHtJux56RH4A8TaAEA="
    },
    "micro-cors": {
      "version": "0.1.1",
      "resolved": "https://registry.npmjs.org/micro-cors/-/micro-cors-0.1.1.tgz",
      "integrity": "sha512-6WqIahA5sbQR1Gjexp1VuWGFDKbZZleJb/gy1khNGk18a6iN1FdTcr3Q8twaxkV5H94RjxIBjirYbWCehpMBFw=="
    },
    "mimic-response": {
      "version": "2.0.0",
      "resolved": "https://registry.npmjs.org/mimic-response/-/mimic-response-2.0.0.tgz",
      "integrity": "sha512-8ilDoEapqA4uQ3TwS0jakGONKXVJqpy+RpM+3b7pLdOjghCrEiGp9SRkFbUHAmZW9vdnrENWHjaweIoTIJExSQ=="
    },
    "minimist": {
      "version": "1.2.0",
      "resolved": "https://registry.npmjs.org/minimist/-/minimist-1.2.0.tgz",
      "integrity": "sha1-o1AIsg9BOD7sH7kU9M1d95omQoQ="
    },
    "minimisted": {
      "version": "2.0.0",
      "resolved": "https://registry.npmjs.org/minimisted/-/minimisted-2.0.0.tgz",
      "integrity": "sha512-oP88Dw3LK/pdrKyMdlbmg3W50969UNr4ctISzJfPl+YPYHTAOrS+dihXnsgRNKSRIzDsrnV3eE2CCVlZbpOKdQ==",
      "requires": {
        "minimist": "^1.2.0"
      }
    },
    "once": {
      "version": "1.4.0",
      "resolved": "https://registry.npmjs.org/once/-/once-1.4.0.tgz",
      "integrity": "sha1-WDsap3WWHUsROsF9nFC6753Xa9E=",
      "requires": {
        "wrappy": "1"
      }
    },
    "safe-buffer": {
      "version": "5.1.2",
      "resolved": "https://registry.npmjs.org/safe-buffer/-/safe-buffer-5.1.2.tgz",
      "integrity": "sha512-Gd2UZBJDkXlY7GbJxfsE8/nvKkUEU1G38c1siN6QP6a9PT9MmHB8GnpscSmMJSoF8LOIrt8ud/wPtojys4G6+g=="
    },
    "select-case": {
      "version": "1.0.0",
      "resolved": "https://registry.npmjs.org/select-case/-/select-case-1.0.0.tgz",
      "integrity": "sha512-YN35jnDPQyvPk84kUGhJWBVKRhtNn51byIXbznpC6tZpTCUz330w7WX2tT5A6+3rw+NXIdya7ZQHqxKXi1m25g=="
    },
    "sha.js": {
      "version": "2.4.11",
      "resolved": "https://registry.npmjs.org/sha.js/-/sha.js-2.4.11.tgz",
      "integrity": "sha512-QMEp5B7cftE7APOjk5Y6xgrbWu+WkLVQwk8JNjZ8nKRciZaByEW6MubieAiToS7+dwvrjGhH8jRXz3MVd0AYqQ==",
      "requires": {
        "inherits": "^2.0.1",
        "safe-buffer": "^5.0.1"
      }
    },
    "simple-concat": {
      "version": "1.0.0",
      "resolved": "https://registry.npmjs.org/simple-concat/-/simple-concat-1.0.0.tgz",
      "integrity": "sha1-c0TLuLbib7J9ZrL8hvn21Zl1IcY="
    },
    "simple-get": {
      "version": "3.1.0",
      "resolved": "https://registry.npmjs.org/simple-get/-/simple-get-3.1.0.tgz",
      "integrity": "sha512-bCR6cP+aTdScaQCnQKbPKtJOKDp/hj9EDLJo3Nw4y1QksqaovlW/bnptB6/c1e+qmNIDHRK+oXFDdEqBT8WzUA==",
      "requires": {
        "decompress-response": "^4.2.0",
        "once": "^1.3.1",
        "simple-concat": "^1.0.0"
      }
    },
    "supports-color": {
      "version": "5.5.0",
      "resolved": "https://registry.npmjs.org/supports-color/-/supports-color-5.5.0.tgz",
      "integrity": "sha512-QjVjwdXIt408MIiAqCX4oUKsgU2EqAGzs2Ppkm4aQYbjm+ZEWEcW4SfFNTr4uMNZma0ey4f5lgLrkB0aX0QMow==",
      "requires": {
        "has-flag": "^3.0.0"
      }
    },
    "tree-kill": {
      "version": "1.2.1",
      "resolved": "https://registry.npmjs.org/tree-kill/-/tree-kill-1.2.1.tgz",
      "integrity": "sha512-4hjqbObwlh2dLyW4tcz0Ymw0ggoaVDMveUB9w8kFSQScdRLo0gxO9J7WFcUBo+W3C1TLdFIEwNOWebgZZ0RH9Q=="
    },
    "vm2": {
      "version": "3.8.4",
      "resolved": "https://registry.npmjs.org/vm2/-/vm2-3.8.4.tgz",
      "integrity": "sha512-5HThl+RBO/pwE9SF0kM4nLrpq5vXHBNk4BMX27xztvl0j1RsZ4/PMVJAu9rM9yfOtTo5KroL7XNX3031ExleSw=="
    },
    "wrappy": {
      "version": "1.0.2",
      "resolved": "https://registry.npmjs.org/wrappy/-/wrappy-1.0.2.tgz",
      "integrity": "sha1-tSQ9jz7BqjXxNkYFvA0QNuMKtp8="
    }
  }
}
